PODS:
  - SDL (0.0.1):
    - ZUCore (~> 0.1.0)
  - ZUCore (0.1.0)

DEPENDENCIES:
  - SDL (from `../`)

SPEC REPOS:
  trunk:
    - ZUCore

EXTERNAL SOURCES:
  SDL:
    :path: "../"

SPEC CHECKSUMS:
  SDL: c87c8adaa89c0bf4068be7892c58fd78f8072b8a
  ZUCore: ffb4ea3a57b6c465d2a3d04ac6340341c5fe6ee9

PODFILE CHECKSUM: 4b4fb04c6e0009d281e58a07bab1e4d98ae4a387

COCOAPODS: 1.11.3
